{
  "name": "markdown-preview-github-styles",
  "version": "0.2.0",
  "lockfileVersion": 2,
  "requires": true,
  "packages": {
    "": {
      "name": "markdown-preview-github-styles",
      "version": "0.2.0",
      "license": "MIT",
      "dependencies": {
        "highlight.js": "^11.3.0"
      },
      "devDependencies": {
        "github-markdown-css": "^5.0.0"
      },
      "engines": {
        "vscode": "^1.15.0"
      }
    },
    "node_modules/github-markdown-css": {
      "version": "5.0.0",
      "resolved": "https://registry.npmjs.org/github-markdown-css/-/github-markdown-css-5.0.0.tgz",
      "integrity": "sha512-0iojMu3BisjTYyGuQ6aVwnJZY4HgnyQtKvky25BGItHIcll4AHIWAtQ7Fy+6qQfkvjWdkHnZFRpFBQfMABr/EQ==",
      "dev": true,
      "funding": {
        "url": "https://github.com/sponsors/sindresorhus"
      }
    },
    "node_modules/highlight.js": {
      "version": "11.3.0",
      "resolved": "https://registry.npmjs.org/highlight.js/-/highlight.js-11.3.0.tgz",
      "integrity": "sha512-4NRoSbc7W4m7bZWsiE7JMBkGSKj/b1UI/acG2EigsQ3KHXyYfWPjdTUefNJuqbAtS13/r+pAWmXWHaGJVuWn2A==",
      "engines": {
        "node": ">=12.0.0"
      }
    }
  },
  "dependencies": {
    "github-markdown-css": {
      "version": "5.0.0",
      "resolved": "https://registry.npmjs.org/github-markdown-css/-/github-markdown-css-5.0.0.tgz",
      "integrity": "sha512-0iojMu3BisjTYyGuQ6aVwnJZY4HgnyQtKvky25BGItHIcll4AHIWAtQ7Fy+6qQfkvjWdkHnZFRpFBQfMABr/EQ==",
      "dev": true
    },
    "highlight.js": {
      "version": "11.3.0",
      "resolved": "https://registry.npmjs.org/highlight.js/-/highlight.js-11.3.0.tgz",
      "integrity": "sha512-4NRoSbc7W4m7bZWsiE7JMBkGSKj/b1UI/acG2EigsQ3KHXyYfWPjdTUefNJuqbAtS13/r+pAWmXWHaGJVuWn2A=="
    }
  }
}
