{
  "name": "markdown-preview-github-styles",
  "version": "0.0.4",
  "lockfileVersion": 1,
  "dependencies": {
    "github-markdown-css": {
      "version": "2.9.0",
      "resolved": "https://registry.npmjs.org/github-markdown-css/-/github-markdown-css-2.9.0.tgz",
      "integrity": "sha1-pUstl0V9Up8iJV+xznj8JNrMCns=",
      "dev": true
    },
    "highlight.js": {
      "version": "9.12.0",
      "resolved": "https://registry.npmjs.org/highlight.js/-/highlight.js-9.12.0.tgz",
      "integrity": "sha1-5tnb5Xy+/mB1HwKvM2GVhwyQwB4="
    }
  }
}
